
Microsoft Visual Studio Solution File, Format Version 12.00
# Visual Studio Version 16
VisualStudioVersion = 16.0.30717.126
MinimumVisualStudioVersion = 10.0.40219.1
Project("{F184B08F-C81C-45F6-A57F-5ABD9991F28F}") = "WpfArchive.Windows.Theme", "WpfArchive.Windows.Theme.vbproj", "{F2DA54DD-2286-4B7C-837C-9B2B9D015289}"
EndProject
Global
	GlobalSection(SolutionConfigurationPlatforms) = preSolution
		Debug|Any CPU = Debug|Any CPU
		Debug|x86 = Debug|x86
		Release|Any CPU = Release|Any CPU
		Release|x86 = Release|x86
	EndGlobalSection
	GlobalSection(ProjectConfigurationPlatforms) = postSolution
		{F2DA54DD-2286-4B7C-837C-9B2B9D015289}.Debug|Any CPU.ActiveCfg = Debug|Any CPU
		{F2DA54DD-2286-4B7C-837C-9B2B9D015289}.Debug|Any CPU.Build.0 = Debug|Any CPU
		{F2DA54DD-2286-4B7C-837C-9B2B9D015289}.Debug|x86.ActiveCfg = Debug|x86
		{F2DA54DD-2286-4B7C-837C-9B2B9D015289}.Debug|x86.Build.0 = Debug|x86
		{F2DA54DD-2286-4B7C-837C-9B2B9D015289}.Release|Any CPU.ActiveCfg = Release|Any CPU
		{F2DA54DD-2286-4B7C-837C-9B2B9D015289}.Release|Any CPU.Build.0 = Release|Any CPU
		{F2DA54DD-2286-4B7C-837C-9B2B9D015289}.Release|x86.ActiveCfg = Release|x86
		{F2DA54DD-2286-4B7C-837C-9B2B9D015289}.Release|x86.Build.0 = Release|x86
	EndGlobalSection
	GlobalSection(SolutionProperties) = preSolution
		HideSolutionNode = FALSE
	EndGlobalSection
	GlobalSection(ExtensibilityGlobals) = postSolution
		SolutionGuid = {B361504B-D2BD-4797-BBD5-977A04033A38}
	EndGlobalSection
EndGlobal
